
Microsoft Visual Studio Solution File, Format Version 12.00
# Visual Studio Version 16
VisualStudioVersion = 16.0.30907.101
MinimumVisualStudioVersion = 10.0.40219.1
Project("{FAE04EC0-301F-11D3-BF4B-00C04F79EFBC}") = "DictonaryOdev", "DictonaryOdev\DictonaryOdev.csproj", "{605F9183-BC08-4D1E-8692-20060B24DADD}"
EndProject
Global
	GlobalSection(SolutionConfigurationPlatforms) = preSolution
		Debug|Any CPU = Debug|Any CPU
		Release|Any CPU = Release|Any CPU
	EndGlobalSection
	GlobalSection(ProjectConfigurationPlatforms) = postSolution
		{605F9183-BC08-4D1E-8692-20060B24DADD}.Debug|Any CPU.ActiveCfg = Debug|Any CPU
		{605F9183-BC08-4D1E-8692-20060B24DADD}.Debug|Any CPU.Build.0 = Debug|Any CPU
		{605F9183-BC08-4D1E-8692-20060B24DADD}.Release|Any CPU.ActiveCfg = Release|Any CPU
		{605F9183-BC08-4D1E-8692-20060B24DADD}.Release|Any CPU.Build.0 = Release|Any CPU
	EndGlobalSection
	GlobalSection(SolutionProperties) = preSolution
		HideSolutionNode = FALSE
	EndGlobalSection
	GlobalSection(ExtensibilityGlobals) = postSolution
		SolutionGuid = {B894D471-29DD-4D83-8D3A-726C3016F471}
	EndGlobalSection
EndGlobal
